
Microsoft Visual Studio Solution File, Format Version 12.00
# Visual Studio 15
VisualStudioVersion = 15.0.25807.0
MinimumVisualStudioVersion = 10.0.40219.1
Project("{2150E333-8FDC-42A3-9474-1A3956D46DE8}") = "Engine", "Engine", "{EB8F126D-E218-49A2-9686-2F5360471869}"
EndProject
Project("{2150E333-8FDC-42A3-9474-1A3956D46DE8}") = "Games", "Games", "{8E06245A-C105-4B52-AF6C-4FB0A309D68A}"
EndProject
Project("{8BC9CEB8-8B4A-11D0-8D11-00A0C91BC942}") = "UE4", "Intermediate\ProjectFiles\UE4.vcxproj", "{DE2C1290-0AB8-4E0A-870B-C56089B36C0F}"
EndProject
Project("{8BC9CEB8-8B4A-11D0-8D11-00A0C91BC942}") = "ArenaBattle", "Intermediate\ProjectFiles\ArenaBattle.vcxproj", "{18816F32-6006-4AC2-B144-4F1FBE2C0FB5}"
EndProject
Global
	GlobalSection(SolutionConfigurationPlatforms) = preSolution
		DebugGame Editor|HTML5 = DebugGame Editor|HTML5
		DebugGame Editor|Win32 = DebugGame Editor|Win32
		DebugGame Editor|Win64 = DebugGame Editor|Win64
		DebugGame|HTML5 = DebugGame|HTML5
		DebugGame|Win32 = DebugGame|Win32
		DebugGame|Win64 = DebugGame|Win64
		Development Editor|HTML5 = Development Editor|HTML5
		Development Editor|Win32 = Development Editor|Win32
		Development Editor|Win64 = Development Editor|Win64
		Development|HTML5 = Development|HTML5
		Development|Win32 = Development|Win32
		Development|Win64 = Development|Win64
		Shipping|HTML5 = Shipping|HTML5
		Shipping|Win32 = Shipping|Win32
		Shipping|Win64 = Shipping|Win64
	EndGlobalSection
	GlobalSection(ProjectConfigurationPlatforms) = postSolution
		{DE2C1290-0AB8-4E0A-870B-C56089B36C0F}.DebugGame Editor|HTML5.ActiveCfg = BuiltWithUnrealBuildTool|Win32
		{DE2C1290-0AB8-4E0A-870B-C56089B36C0F}.DebugGame Editor|HTML5.Build.0 = BuiltWithUnrealBuildTool|Win32
		{DE2C1290-0AB8-4E0A-870B-C56089B36C0F}.DebugGame Editor|Win32.ActiveCfg = BuiltWithUnrealBuildTool|Win32
		{DE2C1290-0AB8-4E0A-870B-C56089B36C0F}.DebugGame Editor|Win32.Build.0 = BuiltWithUnrealBuildTool|Win32
		{DE2C1290-0AB8-4E0A-870B-C56089B36C0F}.DebugGame Editor|Win64.ActiveCfg = BuiltWithUnrealBuildTool|Win32
		{DE2C1290-0AB8-4E0A-870B-C56089B36C0F}.DebugGame Editor|Win64.Build.0 = BuiltWithUnrealBuildTool|Win32
		{DE2C1290-0AB8-4E0A-870B-C56089B36C0F}.DebugGame|HTML5.ActiveCfg = BuiltWithUnrealBuildTool|Win32
		{DE2C1290-0AB8-4E0A-870B-C56089B36C0F}.DebugGame|HTML5.Build.0 = BuiltWithUnrealBuildTool|Win32
		{DE2C1290-0AB8-4E0A-870B-C56089B36C0F}.DebugGame|Win32.ActiveCfg = BuiltWithUnrealBuildTool|Win32
		{DE2C1290-0AB8-4E0A-870B-C56089B36C0F}.DebugGame|Win32.Build.0 = BuiltWithUnrealBuildTool|Win32
		{DE2C1290-0AB8-4E0A-870B-C56089B36C0F}.DebugGame|Win64.ActiveCfg = BuiltWithUnrealBuildTool|Win32
		{DE2C1290-0AB8-4E0A-870B-C56089B36C0F}.DebugGame|Win64.Build.0 = BuiltWithUnrealBuildTool|Win32
		{DE2C1290-0AB8-4E0A-870B-C56089B36C0F}.Development Editor|HTML5.ActiveCfg = BuiltWithUnrealBuildTool|Win32
		{DE2C1290-0AB8-4E0A-870B-C56089B36C0F}.Development Editor|HTML5.Build.0 = BuiltWithUnrealBuildTool|Win32
		{DE2C1290-0AB8-4E0A-870B-C56089B36C0F}.Development Editor|Win32.ActiveCfg = BuiltWithUnrealBuildTool|Win32
		{DE2C1290-0AB8-4E0A-870B-C56089B36C0F}.Development Editor|Win32.Build.0 = BuiltWithUnrealBuildTool|Win32
		{DE2C1290-0AB8-4E0A-870B-C56089B36C0F}.Development Editor|Win64.ActiveCfg = BuiltWithUnrealBuildTool|Win32
		{DE2C1290-0AB8-4E0A-870B-C56089B36C0F}.Development Editor|Win64.Build.0 = BuiltWithUnrealBuildTool|Win32
		{DE2C1290-0AB8-4E0A-870B-C56089B36C0F}.Development|HTML5.ActiveCfg = BuiltWithUnrealBuildTool|Win32
		{DE2C1290-0AB8-4E0A-870B-C56089B36C0F}.Development|HTML5.Build.0 = BuiltWithUnrealBuildTool|Win32
		{DE2C1290-0AB8-4E0A-870B-C56089B36C0F}.Development|Win32.ActiveCfg = BuiltWithUnrealBuildTool|Win32
		{DE2C1290-0AB8-4E0A-870B-C56089B36C0F}.Development|Win32.Build.0 = BuiltWithUnrealBuildTool|Win32
		{DE2C1290-0AB8-4E0A-870B-C56089B36C0F}.Development|Win64.ActiveCfg = BuiltWithUnrealBuildTool|Win32
		{DE2C1290-0AB8-4E0A-870B-C56089B36C0F}.Development|Win64.Build.0 = BuiltWithUnrealBuildTool|Win32
		{DE2C1290-0AB8-4E0A-870B-C56089B36C0F}.Shipping|HTML5.ActiveCfg = BuiltWithUnrealBuildTool|Win32
		{DE2C1290-0AB8-4E0A-870B-C56089B36C0F}.Shipping|HTML5.Build.0 = BuiltWithUnrealBuildTool|Win32
		{DE2C1290-0AB8-4E0A-870B-C56089B36C0F}.Shipping|Win32.ActiveCfg = BuiltWithUnrealBuildTool|Win32
		{DE2C1290-0AB8-4E0A-870B-C56089B36C0F}.Shipping|Win32.Build.0 = BuiltWithUnrealBuildTool|Win32
		{DE2C1290-0AB8-4E0A-870B-C56089B36C0F}.Shipping|Win64.ActiveCfg = BuiltWithUnrealBuildTool|Win32
		{DE2C1290-0AB8-4E0A-870B-C56089B36C0F}.Shipping|Win64.Build.0 = BuiltWithUnrealBuildTool|Win32
		{18816F32-6006-4AC2-B144-4F1FBE2C0FB5}.DebugGame Editor|HTML5.ActiveCfg = HTML5_DebugGame_Editor|Win32
		{18816F32-6006-4AC2-B144-4F1FBE2C0FB5}.DebugGame Editor|Win32.ActiveCfg = DebugGame_Editor|Win32
		{18816F32-6006-4AC2-B144-4F1FBE2C0FB5}.DebugGame Editor|Win64.ActiveCfg = DebugGame_Editor|x64
		{18816F32-6006-4AC2-B144-4F1FBE2C0FB5}.DebugGame Editor|Win64.Build.0 = DebugGame_Editor|x64
		{18816F32-6006-4AC2-B144-4F1FBE2C0FB5}.DebugGame|HTML5.ActiveCfg = HTML5_DebugGame_Game|Win32
		{18816F32-6006-4AC2-B144-4F1FBE2C0FB5}.DebugGame|HTML5.Build.0 = HTML5_DebugGame_Game|Win32
		{18816F32-6006-4AC2-B144-4F1FBE2C0FB5}.DebugGame|Win32.ActiveCfg = DebugGame_Game|Win32
		{18816F32-6006-4AC2-B144-4F1FBE2C0FB5}.DebugGame|Win32.Build.0 = DebugGame_Game|Win32
		{18816F32-6006-4AC2-B144-4F1FBE2C0FB5}.DebugGame|Win64.ActiveCfg = DebugGame_Game|x64
		{18816F32-6006-4AC2-B144-4F1FBE2C0FB5}.DebugGame|Win64.Build.0 = DebugGame_Game|x64
		{18816F32-6006-4AC2-B144-4F1FBE2C0FB5}.Development Editor|HTML5.ActiveCfg = HTML5_Development_Editor|Win32
		{18816F32-6006-4AC2-B144-4F1FBE2C0FB5}.Development Editor|Win32.ActiveCfg = Development_Editor|Win32
		{18816F32-6006-4AC2-B144-4F1FBE2C0FB5}.Development Editor|Win64.ActiveCfg = Development_Editor|x64
		{18816F32-6006-4AC2-B144-4F1FBE2C0FB5}.Development Editor|Win64.Build.0 = Development_Editor|x64
		{18816F32-6006-4AC2-B144-4F1FBE2C0FB5}.Development|HTML5.ActiveCfg = HTML5_Development_Game|Win32
		{18816F32-6006-4AC2-B144-4F1FBE2C0FB5}.Development|HTML5.Build.0 = HTML5_Development_Game|Win32
		{18816F32-6006-4AC2-B144-4F1FBE2C0FB5}.Development|Win32.ActiveCfg = Development_Game|Win32
		{18816F32-6006-4AC2-B144-4F1FBE2C0FB5}.Development|Win32.Build.0 = Development_Game|Win32
		{18816F32-6006-4AC2-B144-4F1FBE2C0FB5}.Development|Win64.ActiveCfg = Development_Game|x64
		{18816F32-6006-4AC2-B144-4F1FBE2C0FB5}.Development|Win64.Build.0 = Development_Game|x64
		{18816F32-6006-4AC2-B144-4F1FBE2C0FB5}.Shipping|HTML5.ActiveCfg = HTML5_Shipping_Game|Win32
		{18816F32-6006-4AC2-B144-4F1FBE2C0FB5}.Shipping|HTML5.Build.0 = HTML5_Shipping_Game|Win32
		{18816F32-6006-4AC2-B144-4F1FBE2C0FB5}.Shipping|Win32.ActiveCfg = Shipping_Game|Win32
		{18816F32-6006-4AC2-B144-4F1FBE2C0FB5}.Shipping|Win32.Build.0 = Shipping_Game|Win32
		{18816F32-6006-4AC2-B144-4F1FBE2C0FB5}.Shipping|Win64.ActiveCfg = Shipping_Game|x64
		{18816F32-6006-4AC2-B144-4F1FBE2C0FB5}.Shipping|Win64.Build.0 = Shipping_Game|x64
	EndGlobalSection
	GlobalSection(SolutionProperties) = preSolution
		HideSolutionNode = FALSE
	EndGlobalSection
	GlobalSection(NestedProjects) = preSolution
		{DE2C1290-0AB8-4E0A-870B-C56089B36C0F} = {EB8F126D-E218-49A2-9686-2F5360471869}
		{18816F32-6006-4AC2-B144-4F1FBE2C0FB5} = {8E06245A-C105-4B52-AF6C-4FB0A309D68A}
	EndGlobalSection
	GlobalSection(ExtensibilityGlobals) = postSolution
		SolutionGuid = {FA1E46ED-EC5B-4348-9B10-4EBAC0654239}
	EndGlobalSection
EndGlobal
